
Microsoft Visual Studio Solution File, Format Version 12.00
# Visual Studio Version 16
VisualStudioVersion = 16.0.33027.164
MinimumVisualStudioVersion = 10.0.40219.1
Project("{FAE04EC0-301F-11D3-BF4B-00C04F79EFBC}") = "lab1ex6", "lab1ex6\lab1ex6.csproj", "{D820846A-CE9B-4CA7-8338-390EEBE8657E}"
EndProject
Global
	GlobalSection(SolutionConfigurationPlatforms) = preSolution
		Debug|Any CPU = Debug|Any CPU
		Release|Any CPU = Release|Any CPU
	EndGlobalSection
	GlobalSection(ProjectConfigurationPlatforms) = postSolution
		{D820846A-CE9B-4CA7-8338-390EEBE8657E}.Debug|Any CPU.ActiveCfg = Debug|Any CPU
		{D820846A-CE9B-4CA7-8338-390EEBE8657E}.Debug|Any CPU.Build.0 = Debug|Any CPU
		{D820846A-CE9B-4CA7-8338-390EEBE8657E}.Release|Any CPU.ActiveCfg = Release|Any CPU
		{D820846A-CE9B-4CA7-8338-390EEBE8657E}.Release|Any CPU.Build.0 = Release|Any CPU
	EndGlobalSection
	GlobalSection(SolutionProperties) = preSolution
		HideSolutionNode = FALSE
	EndGlobalSection
	GlobalSection(ExtensibilityGlobals) = postSolution
		SolutionGuid = {1ED07DCA-CB6B-4B0F-8412-9D9D4AB85D10}
	EndGlobalSection
EndGlobal
